
Microsoft Visual Studio Solution File, Format Version 12.00
# Visual Studio 15
VisualStudioVersion = 15.0.26124.0
MinimumVisualStudioVersion = 15.0.26124.0
Project("{F2A71F9B-5D33-465A-A702-920D77279786}") = "Unicron", "Unicron\Unicron.fsproj", "{988E32A6-37F8-4433-A61D-D8A156817CB7}"
EndProject
Project("{F2A71F9B-5D33-465A-A702-920D77279786}") = "Unicron.Tests", "Unicron.Tests\Unicron.Tests.fsproj", "{4B08107C-7723-4999-A84D-D09143B1BEDF}"
EndProject
Global
	GlobalSection(SolutionConfigurationPlatforms) = preSolution
		Debug|Any CPU = Debug|Any CPU
		Debug|x64 = Debug|x64
		Debug|x86 = Debug|x86
		Release|Any CPU = Release|Any CPU
		Release|x64 = Release|x64
		Release|x86 = Release|x86
	EndGlobalSection
	GlobalSection(SolutionProperties) = preSolution
		HideSolutionNode = FALSE
	EndGlobalSection
	GlobalSection(ProjectConfigurationPlatforms) = postSolution
		{988E32A6-37F8-4433-A61D-D8A156817CB7}.Debug|Any CPU.ActiveCfg = Debug|Any CPU
		{988E32A6-37F8-4433-A61D-D8A156817CB7}.Debug|Any CPU.Build.0 = Debug|Any CPU
		{988E32A6-37F8-4433-A61D-D8A156817CB7}.Debug|x64.ActiveCfg = Debug|Any CPU
		{988E32A6-37F8-4433-A61D-D8A156817CB7}.Debug|x64.Build.0 = Debug|Any CPU
		{988E32A6-37F8-4433-A61D-D8A156817CB7}.Debug|x86.ActiveCfg = Debug|Any CPU
		{988E32A6-37F8-4433-A61D-D8A156817CB7}.Debug|x86.Build.0 = Debug|Any CPU
		{988E32A6-37F8-4433-A61D-D8A156817CB7}.Release|Any CPU.ActiveCfg = Release|Any CPU
		{988E32A6-37F8-4433-A61D-D8A156817CB7}.Release|Any CPU.Build.0 = Release|Any CPU
		{988E32A6-37F8-4433-A61D-D8A156817CB7}.Release|x64.ActiveCfg = Release|Any CPU
		{988E32A6-37F8-4433-A61D-D8A156817CB7}.Release|x64.Build.0 = Release|Any CPU
		{988E32A6-37F8-4433-A61D-D8A156817CB7}.Release|x86.ActiveCfg = Release|Any CPU
		{988E32A6-37F8-4433-A61D-D8A156817CB7}.Release|x86.Build.0 = Release|Any CPU
		{4B08107C-7723-4999-A84D-D09143B1BEDF}.Debug|Any CPU.ActiveCfg = Debug|Any CPU
		{4B08107C-7723-4999-A84D-D09143B1BEDF}.Debug|Any CPU.Build.0 = Debug|Any CPU
		{4B08107C-7723-4999-A84D-D09143B1BEDF}.Debug|x64.ActiveCfg = Debug|Any CPU
		{4B08107C-7723-4999-A84D-D09143B1BEDF}.Debug|x64.Build.0 = Debug|Any CPU
		{4B08107C-7723-4999-A84D-D09143B1BEDF}.Debug|x86.ActiveCfg = Debug|Any CPU
		{4B08107C-7723-4999-A84D-D09143B1BEDF}.Debug|x86.Build.0 = Debug|Any CPU
		{4B08107C-7723-4999-A84D-D09143B1BEDF}.Release|Any CPU.ActiveCfg = Release|Any CPU
		{4B08107C-7723-4999-A84D-D09143B1BEDF}.Release|Any CPU.Build.0 = Release|Any CPU
		{4B08107C-7723-4999-A84D-D09143B1BEDF}.Release|x64.ActiveCfg = Release|Any CPU
		{4B08107C-7723-4999-A84D-D09143B1BEDF}.Release|x64.Build.0 = Release|Any CPU
		{4B08107C-7723-4999-A84D-D09143B1BEDF}.Release|x86.ActiveCfg = Release|Any CPU
		{4B08107C-7723-4999-A84D-D09143B1BEDF}.Release|x86.Build.0 = Release|Any CPU
	EndGlobalSection
EndGlobal
